
Microsoft Visual Studio Solution File, Format Version 12.00
# Visual Studio Version 17
VisualStudioVersion = 17.7.34031.279
MinimumVisualStudioVersion = 10.0.40219.1
Project("{FAE04EC0-301F-11D3-BF4B-00C04F79EFBC}") = "WebApi", "WebApi\WebApi.csproj", "{E6D23360-662C-4A0E-B87F-508A393DCAB3}"
EndProject
Global
	GlobalSection(SolutionConfigurationPlatforms) = preSolution
		Debug|Any CPU = Debug|Any CPU
		Release|Any CPU = Release|Any CPU
	EndGlobalSection
	GlobalSection(ProjectConfigurationPlatforms) = postSolution
		{E6D23360-662C-4A0E-B87F-508A393DCAB3}.Debug|Any CPU.ActiveCfg = Debug|Any CPU
		{E6D23360-662C-4A0E-B87F-508A393DCAB3}.Debug|Any CPU.Build.0 = Debug|Any CPU
		{E6D23360-662C-4A0E-B87F-508A393DCAB3}.Release|Any CPU.ActiveCfg = Release|Any CPU
		{E6D23360-662C-4A0E-B87F-508A393DCAB3}.Release|Any CPU.Build.0 = Release|Any CPU
	EndGlobalSection
	GlobalSection(SolutionProperties) = preSolution
		HideSolutionNode = FALSE
	EndGlobalSection
	GlobalSection(ExtensibilityGlobals) = postSolution
		SolutionGuid = {A58E34DD-3F5B-47F5-B93B-01397BDA9A61}
	EndGlobalSection
EndGlobal
