
Microsoft Visual Studio Solution File, Format Version 12.00
# Visual Studio Version 17
VisualStudioVersion = 17.7.34031.279
MinimumVisualStudioVersion = 10.0.40219.1
Project("{9A19103F-16F7-4668-BE54-9A1E7A4F7556}") = "hello_world_api_ui", "hello_world_api_ui\hello_world_api_ui.csproj", "{BC3215DC-0651-4044-968D-B7C5825D81B3}"
EndProject
Project("{9A19103F-16F7-4668-BE54-9A1E7A4F7556}") = "hello_world_cli", "hello_world_cli\hello_world_cli.csproj", "{CEE91E6E-16D1-4C56-BEB5-5B415F9EE14C}"
EndProject
Global
	GlobalSection(SolutionConfigurationPlatforms) = preSolution
		Debug|Any CPU = Debug|Any CPU
		Release|Any CPU = Release|Any CPU
	EndGlobalSection
	GlobalSection(ProjectConfigurationPlatforms) = postSolution
		{BC3215DC-0651-4044-968D-B7C5825D81B3}.Debug|Any CPU.ActiveCfg = Debug|Any CPU
		{BC3215DC-0651-4044-968D-B7C5825D81B3}.Debug|Any CPU.Build.0 = Debug|Any CPU
		{BC3215DC-0651-4044-968D-B7C5825D81B3}.Release|Any CPU.ActiveCfg = Release|Any CPU
		{BC3215DC-0651-4044-968D-B7C5825D81B3}.Release|Any CPU.Build.0 = Release|Any CPU
		{CEE91E6E-16D1-4C56-BEB5-5B415F9EE14C}.Debug|Any CPU.ActiveCfg = Debug|Any CPU
		{CEE91E6E-16D1-4C56-BEB5-5B415F9EE14C}.Debug|Any CPU.Build.0 = Debug|Any CPU
		{CEE91E6E-16D1-4C56-BEB5-5B415F9EE14C}.Release|Any CPU.ActiveCfg = Release|Any CPU
		{CEE91E6E-16D1-4C56-BEB5-5B415F9EE14C}.Release|Any CPU.Build.0 = Release|Any CPU
	EndGlobalSection
	GlobalSection(SolutionProperties) = preSolution
		HideSolutionNode = FALSE
	EndGlobalSection
	GlobalSection(ExtensibilityGlobals) = postSolution
		SolutionGuid = {AD3FF07E-9504-4ED5-93F6-E5E768CE395B}
	EndGlobalSection
EndGlobal
